
Microsoft Visual Studio Solution File, Format Version 12.00
# Visual Studio Version 16
VisualStudioVersion = 16.0.29306.81
MinimumVisualStudioVersion = 10.0.40219.1
Project("{FAE04EC0-301F-11D3-BF4B-00C04F79EFBC}") = "Selenium", "Selenium\Selenium.csproj", "{BBC4B105-2534-4162-AFB8-9B38F819E7AA}"
EndProject
Global
	GlobalSection(SolutionConfigurationPlatforms) = preSolution
		Debug|Any CPU = Debug|Any CPU
		Release|Any CPU = Release|Any CPU
	EndGlobalSection
	GlobalSection(ProjectConfigurationPlatforms) = postSolution
		{BBC4B105-2534-4162-AFB8-9B38F819E7AA}.Debug|Any CPU.ActiveCfg = Debug|Any CPU
		{BBC4B105-2534-4162-AFB8-9B38F819E7AA}.Debug|Any CPU.Build.0 = Debug|Any CPU
		{BBC4B105-2534-4162-AFB8-9B38F819E7AA}.Release|Any CPU.ActiveCfg = Release|Any CPU
		{BBC4B105-2534-4162-AFB8-9B38F819E7AA}.Release|Any CPU.Build.0 = Release|Any CPU
	EndGlobalSection
	GlobalSection(SolutionProperties) = preSolution
		HideSolutionNode = FALSE
	EndGlobalSection
	GlobalSection(ExtensibilityGlobals) = postSolution
		SolutionGuid = {1F6E9EC9-9B37-4C36-B163-FB6401A6C4E5}
	EndGlobalSection
EndGlobal
